{
  "projects": [
    {
      "projectId": "xfLZfGGmVxgqZrJoXmd1sY",
      "version": "latest",
      "dependencies": {},
      "lang": "js",
      "fileLocks": [
        {
          "type": "globalVariant",
          "assetId": "fWga4dQ562FF",
          "checksum": "d3ffcebe8940d2bd9c2de6c1ca6d7b65"
        },
        {
          "type": "renderModule",
          "assetId": "igsxWILZbzOs",
          "checksum": "8b3e80e8629bba5b4f4db66e4b0eca1b"
        },
        {
          "type": "cssRules",
          "assetId": "igsxWILZbzOs",
          "checksum": "8b3e80e8629bba5b4f4db66e4b0eca1b"
        },
        {
          "assetId": "xfLZfGGmVxgqZrJoXmd1sY",
          "type": "projectCss",
          "checksum": "4bca759733befa42e0ae2783c320e6ec"
        }
      ],
      "codegenVersion": "0.0.1"
    }
  ],
  "cliVersion": "0.1.340"
}
